
Microsoft Visual Studio Solution File, Format Version 12.00
# Visual Studio Version 16
VisualStudioVersion = 16.0.29001.49
MinimumVisualStudioVersion = 10.0.40219.1
Project("{FAE04EC0-301F-11D3-BF4B-00C04F79EFBC}") = "api-rest-training", "api-rest-training\api-rest-training.csproj", "{F85BE67C-0B62-4BBD-9539-CD69492A637A}"
EndProject
Global
	GlobalSection(SolutionConfigurationPlatforms) = preSolution
		Debug|Any CPU = Debug|Any CPU
		Release|Any CPU = Release|Any CPU
	EndGlobalSection
	GlobalSection(ProjectConfigurationPlatforms) = postSolution
		{F85BE67C-0B62-4BBD-9539-CD69492A637A}.Debug|Any CPU.ActiveCfg = Debug|Any CPU
		{F85BE67C-0B62-4BBD-9539-CD69492A637A}.Debug|Any CPU.Build.0 = Debug|Any CPU
		{F85BE67C-0B62-4BBD-9539-CD69492A637A}.Release|Any CPU.ActiveCfg = Release|Any CPU
		{F85BE67C-0B62-4BBD-9539-CD69492A637A}.Release|Any CPU.Build.0 = Release|Any CPU
	EndGlobalSection
	GlobalSection(SolutionProperties) = preSolution
		HideSolutionNode = FALSE
	EndGlobalSection
	GlobalSection(ExtensibilityGlobals) = postSolution
		SolutionGuid = {A3BF6A1B-90D2-4DFA-A514-545A6D4E4150}
	EndGlobalSection
EndGlobal
